
Microsoft Visual Studio Solution File, Format Version 12.00
# Visual Studio Version 16
VisualStudioVersion = 16.0.30406.217
MinimumVisualStudioVersion = 10.0.40219.1
Project("{8BC9CEB8-8B4A-11D0-8D11-00A0C91BC942}") = "ConsoleApplication3", "ConsoleApplication3\ConsoleApplication3.vcxproj", "{B3A11002-9F0F-4FAE-95D0-D9CEDCE78CFC}"
EndProject
Global
	GlobalSection(SolutionConfigurationPlatforms) = preSolution
		Debug|x64 = Debug|x64
		Debug|x86 = Debug|x86
		Release|x64 = Release|x64
		Release|x86 = Release|x86
	EndGlobalSection
	GlobalSection(ProjectConfigurationPlatforms) = postSolution
		{B3A11002-9F0F-4FAE-95D0-D9CEDCE78CFC}.Debug|x64.ActiveCfg = Debug|x64
		{B3A11002-9F0F-4FAE-95D0-D9CEDCE78CFC}.Debug|x64.Build.0 = Debug|x64
		{B3A11002-9F0F-4FAE-95D0-D9CEDCE78CFC}.Debug|x86.ActiveCfg = Debug|Win32
		{B3A11002-9F0F-4FAE-95D0-D9CEDCE78CFC}.Debug|x86.Build.0 = Debug|Win32
		{B3A11002-9F0F-4FAE-95D0-D9CEDCE78CFC}.Release|x64.ActiveCfg = Release|x64
		{B3A11002-9F0F-4FAE-95D0-D9CEDCE78CFC}.Release|x64.Build.0 = Release|x64
		{B3A11002-9F0F-4FAE-95D0-D9CEDCE78CFC}.Release|x86.ActiveCfg = Release|Win32
		{B3A11002-9F0F-4FAE-95D0-D9CEDCE78CFC}.Release|x86.Build.0 = Release|Win32
	EndGlobalSection
	GlobalSection(SolutionProperties) = preSolution
		HideSolutionNode = FALSE
	EndGlobalSection
	GlobalSection(ExtensibilityGlobals) = postSolution
		SolutionGuid = {7D8F40D7-2726-40EC-B72B-38BCD1CAB6A1}
	EndGlobalSection
EndGlobal
